dependencies:
- name: eazybank-common
  repository: file://../../eazybank-common/eazybank-common
  version: 0.1.0
- name: configserver
  repository: file://../../eazybank-services/configserver
  version: 0.1.0
- name: eurekaserver
  repository: file://../../eazybank-services/eurekaserver
  version: 0.1.0
- name: accounts
  repository: file://../../eazybank-services/accounts
  version: 0.1.0
- name: cards
  repository: file://../../eazybank-services/cards
  version: 0.1.0
- name: loans
  repository: file://../../eazybank-services/loans
  version: 0.1.0
- name: gatewayserver
  repository: file://../../eazybank-services/gatewayserver
  version: 0.1.0
- name: message
  repository: file://../../eazybank-services/message
  version: 0.1.0
digest: sha256:8b401272f640aa0096358db4c4fe2ac7d7601085368ec249b0d4eea5e5f38a89
generated: "2025-02-07T18:13:21.0738206-05:00"
